// !$*UTF8*$!
{
	archiveVersion = 1;
	classes = {
	};
	objectVersion = 46;
	objects = {

/* Begin PBXBuildFile section */
		292BC8A71DA93BC000C97C80 /* main.m in Sources */ = {isa = PBXBuildFile; fileRef = 292BC8A61DA93BC000C97C80 /* main.m */; };
		292BC8AC1DA93BC000C97C80 /* MainMenu.xib in Resources */ = {isa = PBXBuildFile; fileRef = 292BC8AA1DA93BC000C97C80 /* MainMenu.xib */; };
/* End PBXBuildFile section */

/* Begin PBXFileReference section */
		292BC89F1DA93BC000C97C80 /* cache.app */ = {isa = PBXFileReference; explicitFileType = wrapper.application; includeInIndex = 0; path = cache.app; sourceTree = BUILT_PRODUCTS_DIR; };
		292BC8A61DA93BC000C97C80 /* main.m */ = {isa = PBXFileReference; lastKnownFileType = sourcecode.c.objc; path = main.m; sourceTree = "<group>"; };
		292BC8AB1DA93BC000C97C80 /* Base */ = {isa = PBXFileReference; lastKnownFileType = file.xib; name = Base; path = Base.lproj/MainMenu.xib; sourceTree = "<group>"; };
		292BC8AD1DA93BC000C97C80 /* Info.plist */ = {isa = PBXFileReference; lastKnownFileType = text.plist.xml; path = Info.plist; sourceTree = "<group>"; };
/* End PBXFileReference section */

/* Begin PBXFrameworksBuildPhase section */
		292BC89C1DA93BC000C97C80 /* Frameworks */ = {
			isa = PBXFrameworksBuildPhase;
			buildActionMask = 2147483647;
			files = (
			);
			runOnlyForDeploymentPostprocessing = 0;
		};
/* End PBXFrameworksBuildPhase section */

/* Begin PBXGroup section */
		292BC8961DA93BC000C97C80 = {
			isa = PBXGroup;
			children = (
				292BC8A11DA93BC000C97C80 /* cache */,
				292BC8A01DA93BC000C97C80 /* Products */,
			);
			sourceTree = "<group>";
		};
		292BC8A01DA93BC000C97C80 /* Products */ = {
			isa = PBXGroup;
			children = (
				292BC89F1DA93BC000C97C80 /* cache.app */,
			);
			name = Products;
			sourceTree = "<group>";
		};
		292BC8A11DA93BC000C97C80 /* cache */ = {
			isa = PBXGroup;
			children = (
				292BC8AA1DA93BC000C97C80 /* MainMenu.xib */,
				292BC8AD1DA93BC000C97C80 /* Info.plist */,
				292BC8A51DA93BC000C97C80 /* Supporting Files */,
			);
			path = cache;
			sourceTree = "<group>";
		};
		292BC8A51DA93BC000C97C80 /* Supporting Files */ = {
			isa = PBXGroup;
			children = (
				292BC8A61DA93BC000C97C80 /* main.m */,
			);
			name = "Supporting Files";
			sourceTree = "<group>";
		};
/* End PBXGroup section */

/* Begin PBXNativeTarget section */
		292BC89E1DA93BC000C97C80 /* cache */ = {
			isa = PBXNativeTarget;
			buildConfigurationList = 292BC8B01DA93BC000C97C80 /* Build configuration list for PBXNativeTarget "cache" */;
			buildPhases = (
				292BC89B1DA93BC000C97C80 /* Sources */,
				292BC89C1DA93BC000C97C80 /* Frameworks */,
				292BC89D1DA93BC000C97C80 /* Resources */,
			);
			buildRules = (
			);
			dependencies = (
			);
			name = cache;
			productName = cache;
			productReference = 292BC89F1DA93BC000C97C80 /* cache.app */;
			productType = "com.apple.product-type.application";
		};
/* End PBXNativeTarget section */

/* Begin PBXProject section */
		292BC8971DA93BC000C97C80 /* Project object */ = {
			isa = PBXProject;
			attributes = {
				LastUpgradeCheck = 0730;
				ORGANIZATIONNAME = davissonwu;
				TargetAttributes = {
					292BC89E1DA93BC000C97C80 = {
						CreatedOnToolsVersion = 7.3.1;
					};
				};
			};
			buildConfigurationList = 292BC89A1DA93BC000C97C80 /* Build configuration list for PBXProject "cache" */;
			compatibilityVersion = "Xcode 3.2";
			developmentRegion = English;
			hasScannedForEncodings = 0;
			knownRegions = (
				en,
				Base,
			);
			mainGroup = 292BC8961DA93BC000C97C80;
			productRefGroup = 292BC8A01DA93BC000C97C80 /* Products */;
			projectDirPath = "";
			projectRoot = "";
			targets = (
				292BC89E1DA93BC000C97C80 /* cache */,
			);
		};
/* End PBXProject section */

/* Begin PBXResourcesBuildPhase section */
		292BC89D1DA93BC000C97C80 /* Resources */ = {
			isa = PBXResourcesBuildPhase;
			buildActionMask = 2147483647;
			files = (
				292BC8AC1DA93BC000C97C80 /* MainMenu.xib in Resources */,
			);
			runOnlyForDeploymentPostprocessing = 0;
		};
/* End PBXResourcesBuildPhase section */

/* Begin PBXSourcesBuildPhase section */
		292BC89B1DA93BC000C97C80 /* Sources */ = {
			isa = PBXSourcesBuildPhase;
			buildActionMask = 2147483647;
			files = (
				292BC8A71DA93BC000C97C80 /* main.m in Sources */,
			);
			runOnlyForDeploymentPostprocessing = 0;
		};
/* End PBXSourcesBuildPhase section */

/* Begin PBXVariantGroup section */
		292BC8AA1DA93BC000C97C80 /* MainMenu.xib */ = {
			isa = PBXVariantGroup;
			children = (
				292BC8AB1DA93BC000C97C80 /* Base */,
			);
			name = MainMenu.xib;
			sourceTree = "<group>";
		};
/* End PBXVariantGroup section */

/* Begin XCBuildConfiguration section */
		292BC8AE1DA93BC000C97C80 /* Debug */ = {
			isa = XCBuildConfiguration;
			buildSettings = {
				ALWAYS_SEARCH_USER_PATHS = NO;
				CLANG_ANALYZER_NONNULL = YES;
				CLANG_CXX_LANGUAGE_STANDARD = "gnu++0x";
				CLANG_CXX_LIBRARY = "libc++";
				CLANG_ENABLE_MODULES = YES;
				CLANG_ENABLE_OBJC_ARC = YES;
				CLANG_WARN_BOOL_CONVERSION = YES;
				CLANG_WARN_CONSTANT_CONVERSION = YES;
				CLANG_WARN_DIRECT_OBJC_ISA_USAGE = YES_ERROR;
				CLANG_WARN_EMPTY_BODY = YES;
				CLANG_WARN_ENUM_CONVERSION = YES;
				CLANG_WARN_INT_CONVERSION = YES;
				CLANG_WARN_OBJC_ROOT_CLASS = YES_ERROR;
				CLANG_WARN_UNREACHABLE_CODE = YES;
				CLANG_WARN__DUPLICATE_METHOD_MATCH = YES;
				CODE_SIGN_IDENTITY = "-";
				COPY_PHASE_STRIP = NO;
				DEBUG_INFORMATION_FORMAT = dwarf;
				ENABLE_STRICT_OBJC_MSGSEND = YES;
				ENABLE_TESTABILITY = YES;
				GCC_C_LANGUAGE_STANDARD = gnu99;
				GCC_DYNAMIC_NO_PIC = NO;
				GCC_NO_COMMON_BLOCKS = YES;
				GCC_OPTIMIZATION_LEVEL = 0;
				GCC_PREPROCESSOR_DEFINITIONS = (
					"DEBUG=1",
					"$(inherited)",
				);
				GCC_WARN_64_TO_32_BIT_CONVERSION = YES;
				GCC_WARN_ABOUT_RETURN_TYPE = YES_ERROR;
				GCC_WARN_UNDECLARED_SELECTOR = YES;
				GCC_WARN_UNINITIALIZED_AUTOS = YES_AGGRESSIVE;
				GCC_WARN_UNUSED_FUNCTION = YES;
				GCC_WARN_UNUSED_VARIABLE = YES;
				MACOSX_DEPLOYMENT_TARGET = 10.11;
				MTL_ENABLE_DEBUG_INFO = YES;
				ONLY_ACTIVE_ARCH = YES;
				SDKROOT = macosx;
			};
			name = Debug;
		};
		292BC8AF1DA93BC000C97C80 /* Release */ = {
			isa = XCBuildConfiguration;
			buildSettings = {
				ALWAYS_SEARCH_USER_PATHS = NO;
				CLANG_ANALYZER_NONNULL = YES;
				CLANG_CXX_LANGUAGE_STANDARD = "gnu++0x";
				CLANG_CXX_LIBRARY = "libc++";
				CLANG_ENABLE_MODULES = YES;
				CLANG_ENABLE_OBJC_ARC = YES;
				CLANG_WARN_BOOL_CONVERSION = YES;
				CLANG_WARN_CONSTANT_CONVERSION = YES;
				CLANG_WARN_DIRECT_OBJC_ISA_USAGE = YES_ERROR;
				CLANG_WARN_EMPTY_BODY = YES;
				CLANG_WARN_ENUM_CONVERSION = YES;
				CLANG_WARN_INT_CONVERSION = YES;
				CLANG_WARN_OBJC_ROOT_CLASS = YES_ERROR;
				CLANG_WARN_UNREACHABLE_CODE = YES;
				CLANG_WARN__DUPLICATE_METHOD_MATCH = YES;
				CODE_SIGN_IDENTITY = "-";
				COPY_PHASE_STRIP = NO;
				DEBUG_INFORMATION_FORMAT = "dwarf-with-dsym";
				ENABLE_NS_ASSERTIONS = NO;
				ENABLE_STRICT_OBJC_MSGSEND = YES;
				GCC_C_LANGUAGE_STANDARD = gnu99;
				GCC_NO_COMMON_BLOCKS = YES;
				GCC_WARN_64_TO_32_BIT_CONVERSION = YES;
				GCC_WARN_ABOUT_RETURN_TYPE = YES_ERROR;
				GCC_WARN_UNDECLARED_SELECTOR = YES;
				GCC_WARN_UNINITIALIZED_AUTOS = YES_AGGRESSIVE;
				GCC_WARN_UNUSED_FUNCTION = YES;
				GCC_WARN_UNUSED_VARIABLE = YES;
				MACOSX_DEPLOYMENT_TARGET = 10.11;
				MTL_ENABLE_DEBUG_INFO = NO;
				SDKROOT = macosx;
			};
			name = Release;
		};
		292BC8B11DA93BC000C97C80 /* Debug */ = {
			isa = XCBuildConfiguration;
			buildSettings = {
				COMBINE_HIDPI_IMAGES = YES;
				INFOPLIST_FILE = cache/Info.plist;
				LD_RUNPATH_SEARCH_PATHS = "$(inherited) @executable_path/../Frameworks";
				PRODUCT_BUNDLE_IDENTIFIER = netease.cache;
				PRODUCT_NAME = "$(TARGET_NAME)";
			};
			name = Debug;
		};
		292BC8B21DA93BC000C97C80 /* Release */ = {
			isa = XCBuildConfiguration;
			buildSettings = {
				COMBINE_HIDPI_IMAGES = YES;
				INFOPLIST_FILE = cache/Info.plist;
				LD_RUNPATH_SEARCH_PATHS = "$(inherited) @executable_path/../Frameworks";
				PRODUCT_BUNDLE_IDENTIFIER = netease.cache;
				PRODUCT_NAME = "$(TARGET_NAME)";
			};
			name = Release;
		};
/* End XCBuildConfiguration section */

/* Begin XCConfigurationList section */
		292BC89A1DA93BC000C97C80 /* Build configuration list for PBXProject "cache" */ = {
			isa = XCConfigurationList;
			buildConfigurations = (
				292BC8AE1DA93BC000C97C80 /* Debug */,
				292BC8AF1DA93BC000C97C80 /* Release */,
			);
			defaultConfigurationIsVisible = 0;
			defaultConfigurationName = Release;
		};
		292BC8B01DA93BC000C97C80 /* Build configuration list for PBXNativeTarget "cache" */ = {
			isa = XCConfigurationList;
			buildConfigurations = (
				292BC8B11DA93BC000C97C80 /* Debug */,
				292BC8B21DA93BC000C97C80 /* Release */,
			);
			defaultConfigurationIsVisible = 0;
			defaultConfigurationName = Release;
		};
/* End XCConfigurationList section */
	};
	rootObject = 292BC8971DA93BC000C97C80 /* Project object */;
}
